
Microsoft Visual Studio Solution File, Format Version 12.00
# Visual Studio Version 17
VisualStudioVersion = 17.10.35013.160
MinimumVisualStudioVersion = 10.0.40219.1
Project("{FAE04EC0-301F-11D3-BF4B-00C04F79EFBC}") = "aplicacion con utilización de componentes", "aplicacion con utilización de componentes\aplicacion con utilización de componentes.csproj", "{0AC6A130-674C-465F-B8C0-3323813D6A24}"
EndProject
Global
	GlobalSection(SolutionConfigurationPlatforms) = preSolution
		Debug|Any CPU = Debug|Any CPU
		Release|Any CPU = Release|Any CPU
	EndGlobalSection
	GlobalSection(ProjectConfigurationPlatforms) = postSolution
		{0AC6A130-674C-465F-B8C0-3323813D6A24}.Debug|Any CPU.ActiveCfg = Debug|Any CPU
		{0AC6A130-674C-465F-B8C0-3323813D6A24}.Debug|Any CPU.Build.0 = Debug|Any CPU
		{0AC6A130-674C-465F-B8C0-3323813D6A24}.Release|Any CPU.ActiveCfg = Release|Any CPU
		{0AC6A130-674C-465F-B8C0-3323813D6A24}.Release|Any CPU.Build.0 = Release|Any CPU
	EndGlobalSection
	GlobalSection(SolutionProperties) = preSolution
		HideSolutionNode = FALSE
	EndGlobalSection
	GlobalSection(ExtensibilityGlobals) = postSolution
		SolutionGuid = {9B0F0414-F54B-4754-8BDD-8A8FBE8DFB38}
	EndGlobalSection
EndGlobal
